
Microsoft Visual Studio Solution File, Format Version 12.00
# Visual Studio 14
VisualStudioVersion = 14.0.25420.1
MinimumVisualStudioVersion = 10.0.40219.1
Project("{FAE04EC0-301F-11D3-BF4B-00C04F79EFBC}") = "CS_Ch11_Password_Generator", "CS_Ch11_Password_Generator\CS_Ch11_Password_Generator.csproj", "{01BDA2BA-F2E2-4870-AD74-444936A36074}"
EndProject
Global
	GlobalSection(SolutionConfigurationPlatforms) = preSolution
		Debug|Any CPU = Debug|Any CPU
		Release|Any CPU = Release|Any CPU
	EndGlobalSection
	GlobalSection(ProjectConfigurationPlatforms) = postSolution
		{01BDA2BA-F2E2-4870-AD74-444936A36074}.Debug|Any CPU.ActiveCfg = Debug|Any CPU
		{01BDA2BA-F2E2-4870-AD74-444936A36074}.Debug|Any CPU.Build.0 = Debug|Any CPU
		{01BDA2BA-F2E2-4870-AD74-444936A36074}.Release|Any CPU.ActiveCfg = Release|Any CPU
		{01BDA2BA-F2E2-4870-AD74-444936A36074}.Release|Any CPU.Build.0 = Release|Any CPU
	EndGlobalSection
	GlobalSection(SolutionProperties) = preSolution
		HideSolutionNode = FALSE
	EndGlobalSection
EndGlobal
