
Microsoft Visual Studio Solution File, Format Version 12.00
# Visual Studio 14
VisualStudioVersion = 14.0.25420.1
MinimumVisualStudioVersion = 10.0.40219.1
Project("{FAE04EC0-301F-11D3-BF4B-00C04F79EFBC}") = "CS_Ch9_03_Spell_Last_Digit", "CS_Ch9_03_Spell_Last_Digit\CS_Ch9_03_Spell_Last_Digit.csproj", "{E13815EE-8E07-44AD-88B2-A591DEFAA476}"
EndProject
Global
	GlobalSection(SolutionConfigurationPlatforms) = preSolution
		Debug|Any CPU = Debug|Any CPU
		Release|Any CPU = Release|Any CPU
	EndGlobalSection
	GlobalSection(ProjectConfigurationPlatforms) = postSolution
		{E13815EE-8E07-44AD-88B2-A591DEFAA476}.Debug|Any CPU.ActiveCfg = Debug|Any CPU
		{E13815EE-8E07-44AD-88B2-A591DEFAA476}.Debug|Any CPU.Build.0 = Debug|Any CPU
		{E13815EE-8E07-44AD-88B2-A591DEFAA476}.Release|Any CPU.ActiveCfg = Release|Any CPU
		{E13815EE-8E07-44AD-88B2-A591DEFAA476}.Release|Any CPU.Build.0 = Release|Any CPU
	EndGlobalSection
	GlobalSection(SolutionProperties) = preSolution
		HideSolutionNode = FALSE
	EndGlobalSection
EndGlobal
