
Microsoft Visual Studio Solution File, Format Version 12.00
# Visual Studio Version 16
VisualStudioVersion = 16.0.29424.173
MinimumVisualStudioVersion = 10.0.40219.1
Project("{F184B08F-C81C-45F6-A57F-5ABD9991F28F}") = "DialogInput", "DialogInput.vbproj", "{F1EDFDFC-AFEB-4945-8E34-720AC7B08340}"
EndProject
Global
	GlobalSection(SolutionConfigurationPlatforms) = preSolution
		Debug|Any CPU = Debug|Any CPU
		Release|Any CPU = Release|Any CPU
	EndGlobalSection
	GlobalSection(ProjectConfigurationPlatforms) = postSolution
		{F1EDFDFC-AFEB-4945-8E34-720AC7B08340}.Debug|Any CPU.ActiveCfg = Debug|Any CPU
		{F1EDFDFC-AFEB-4945-8E34-720AC7B08340}.Debug|Any CPU.Build.0 = Debug|Any CPU
		{F1EDFDFC-AFEB-4945-8E34-720AC7B08340}.Release|Any CPU.ActiveCfg = Release|Any CPU
		{F1EDFDFC-AFEB-4945-8E34-720AC7B08340}.Release|Any CPU.Build.0 = Release|Any CPU
	EndGlobalSection
	GlobalSection(SolutionProperties) = preSolution
		HideSolutionNode = FALSE
	EndGlobalSection
	GlobalSection(ExtensibilityGlobals) = postSolution
		SolutionGuid = {AC86BBEC-6BA4-46DA-A9E6-7BBEB00DE2E1}
	EndGlobalSection
EndGlobal
